
Microsoft Visual Studio Solution File, Format Version 12.00
# Visual Studio Version 17
VisualStudioVersion = 17.4.33205.214
MinimumVisualStudioVersion = 10.0.40219.1
Project("{9A19103F-16F7-4668-BE54-9A1E7A4F7556}") = "IntroductionPOO", "CoursPOO\IntroductionPOO\IntroductionPOO.csproj", "{5A7DAC68-A0F9-42B3-89C2-984707DCCBC0}"
EndProject
Project("{2150E333-8FDC-42A3-9474-1A3956D46DE8}") = "ExercicesPOO", "ExercicesPOO", "{1D07CB38-D4A5-4A86-BF85-E2477F86344D}"
EndProject
Project("{2150E333-8FDC-42A3-9474-1A3956D46DE8}") = "CoursPOO", "CoursPOO", "{871E1934-8AF6-4F53-9927-834FE53D16BA}"
EndProject
Project("{9A19103F-16F7-4668-BE54-9A1E7A4F7556}") = "01- chaises", "ExercicesPOO\01- chaises\01- chaises.csproj", "{CB8DFA0C-4B0E-4BE3-BDD1-57D98B883586}"
EndProject
Project("{9A19103F-16F7-4668-BE54-9A1E7A4F7556}") = "02- salaries", "ExercicesPOO\02- salaries\02- salaries.csproj", "{5CF9D7E9-897C-41D3-AE64-0D29E644047D}"
EndProject
Project("{9A19103F-16F7-4668-BE54-9A1E7A4F7556}") = "03- pendu ia", "ExercicesPOO\03- pendu ia\03- pendu ia.csproj", "{26CE875D-C2C0-45D7-8485-258D6A086335}"
EndProject
Project("{9A19103F-16F7-4668-BE54-9A1E7A4F7556}") = "03- pendu", "ExercicesPOO\03- pendu\03- pendu.csproj", "{3CF50765-BC90-462C-8F02-D9CD245E6F65}"
EndProject
Project("{9A19103F-16F7-4668-BE54-9A1E7A4F7556}") = "06- banque", "ExercicesPOO\06- banque\06- banque.csproj", "{A6FF9CAC-DBD1-448A-B090-BD75043E35F8}"
EndProject
Project("{9A19103F-16F7-4668-BE54-9A1E7A4F7556}") = "MyEnvironement", "ExercicesPOO\MyEnvironement\MyEnvironement.csproj", "{923A5545-3F0D-4275-BFCB-292B27BFD76B}"
EndProject
Project("{9A19103F-16F7-4668-BE54-9A1E7A4F7556}") = "extensionsdeclass", "CoursPOO\extensionsdeclass\extensionsdeclass.csproj", "{FA6727B0-CFFA-4805-B374-3ABC7E644EB9}"
EndProject
Project("{2150E333-8FDC-42A3-9474-1A3956D46DE8}") = "AdoNet", "AdoNet", "{84245EB0-0675-409A-9906-0C638F2618C5}"
EndProject
Project("{2150E333-8FDC-42A3-9474-1A3956D46DE8}") = "SQL", "SQL", "{9B714ADC-5CF3-4977-942E-341ACCED18E4}"
	ProjectSection(SolutionItems) = preProject
		1- tp sql personne.sql = 1- tp sql personne.sql
		CreationTable.sql = CreationTable.sql
		MyBDD.sql = MyBDD.sql
		Req_Insert.sql = Req_Insert.sql
	EndProjectSection
EndProject
Project("{2150E333-8FDC-42A3-9474-1A3956D46DE8}") = "2- requetes sql", "2- requetes sql", "{F45C61CA-A141-4129-A253-222B5A85CFAB}"
	ProjectSection(SolutionItems) = preProject
		§§§ banque.sql = §§§ banque.sql
	EndProjectSection
EndProject
Project("{2150E333-8FDC-42A3-9474-1A3956D46DE8}") = "1- select", "1- select", "{DF02FEBD-0E17-4B49-B173-EE1DF6C16B73}"
	ProjectSection(SolutionItems) = preProject
		SelectAlias.sql = SelectAlias.sql
		SelectBeteween.sql = SelectBeteween.sql
		SelectColumn.sql = SelectColumn.sql
		SelectConvert.sql = SelectConvert.sql
		SelectDistinct.sql = SelectDistinct.sql
		SelectGroupBy.sql = SelectGroupBy.sql
		SelectHaving.sql = SelectHaving.sql
		SelectOrderBy.sql = SelectOrderBy.sql
		SelectWhere.sql = SelectWhere.sql
	EndProjectSection
EndProject
Project("{2150E333-8FDC-42A3-9474-1A3956D46DE8}") = "2- insert", "2- insert", "{1C80AAFB-7489-47BE-9B20-2162BCD30B24}"
	ProjectSection(SolutionItems) = preProject
		InsertInto.sql = InsertInto.sql
		InsertIntoSelect.sql = InsertIntoSelect.sql
	EndProjectSection
EndProject
Project("{2150E333-8FDC-42A3-9474-1A3956D46DE8}") = "3- update", "3- update", "{E758F907-310C-4BAA-A402-7AF9DEC23BD1}"
	ProjectSection(SolutionItems) = preProject
		Update.sql = Update.sql
	EndProjectSection
EndProject
Project("{2150E333-8FDC-42A3-9474-1A3956D46DE8}") = "4- delete", "4- delete", "{F5EDC47A-A124-4D1B-BE9A-D521259DD595}"
	ProjectSection(SolutionItems) = preProject
		Delete.sql = Delete.sql
	EndProjectSection
EndProject
Project("{2150E333-8FDC-42A3-9474-1A3956D46DE8}") = "5- fonctions", "5- fonctions", "{9B9F5B4E-48E9-4C8B-8AA2-5F6DF1324BF6}"
	ProjectSection(SolutionItems) = preProject
		AVG.sql = AVG.sql
		Count.sql = Count.sql
		Min.sql = Min.sql
		Sum.sql = Sum.sql
	EndProjectSection
EndProject
Project("{2150E333-8FDC-42A3-9474-1A3956D46DE8}") = "6- jointures", "6- jointures", "{A5B4B1AE-6AD0-4F2C-894E-9E71A5FE62B0}"
	ProjectSection(SolutionItems) = preProject
		1- innerJoin.sql = 1- innerJoin.sql
		LeftJoin.sql = LeftJoin.sql
		RightJoin.sql = RightJoin.sql
	EndProjectSection
EndProject
Project("{2150E333-8FDC-42A3-9474-1A3956D46DE8}") = "exos", "exos", "{DEB83223-19B5-4206-B64A-0DD0B2570999}"
EndProject
Project("{2150E333-8FDC-42A3-9474-1A3956D46DE8}") = "2- tp livres", "2- tp livres", "{2DB691DB-20CF-4532-925B-1F8061550995}"
	ProjectSection(SolutionItems) = preProject
		0- datas.sql = 0- datas.sql
		reponse 1.sql = reponse 1.sql
		reponse 2.sql = reponse 2.sql
		reponse 3.sql = reponse 3.sql
		reponse 4.sql = reponse 4.sql
		reponse 5.sql = reponse 5.sql
		reponse 6.sql = reponse 6.sql
		reponse 7.sql = reponse 7.sql
		reponse 8.sql = reponse 8.sql
		reponse 9.sql = reponse 9.sql
	EndProjectSection
EndProject
Project("{2150E333-8FDC-42A3-9474-1A3956D46DE8}") = "3- villes", "3- villes", "{B61B8B0A-C48A-48AB-B652-5A0BA7EBC1B3}"
	ProjectSection(SolutionItems) = preProject
		0- datas departements.sql = 0- datas departements.sql
		0- datas villes.sql = 0- datas villes.sql
		1- reponses.sql = 1- reponses.sql
	EndProjectSection
EndProject
Project("{9A19103F-16F7-4668-BE54-9A1E7A4F7556}") = "sqlconnection", "sqlconnection\sqlconnection.csproj", "{C39ED348-91E0-48E1-87D1-07FA430109F3}"
EndProject
Project("{2150E333-8FDC-42A3-9474-1A3956D46DE8}") = "4- cours", "4- cours", "{F92298F6-8FA9-453E-9A35-B90DEAA9FCED}"
EndProject
Project("{9A19103F-16F7-4668-BE54-9A1E7A4F7556}") = "MyDB5", "MyDB5\MyDB5.csproj", "{C1A608E3-A533-44D2-826E-CEC8FDD0F64D}"
EndProject
Project("{2150E333-8FDC-42A3-9474-1A3956D46DE8}") = "5- contacts", "5- contacts", "{9B29FA4D-4B56-44A4-9EF5-F066802FF6C3}"
EndProject
Project("{9A19103F-16F7-4668-BE54-9A1E7A4F7556}") = "TpContacts", "TpContacts\TpContacts.csproj", "{08A44CC3-6FAD-46C7-90AE-E68AD60CDC38}"
EndProject
Project("{9A19103F-16F7-4668-BE54-9A1E7A4F7556}") = "07- banque v2", "ExercicesPOO\07- banque v2\07- banque v2.csproj", "{7857FEA7-083D-4057-8E8F-092EB4579CC1}"
EndProject
Global
	GlobalSection(SolutionConfigurationPlatforms) = preSolution
		Debug|Any CPU = Debug|Any CPU
		Release|Any CPU = Release|Any CPU
	EndGlobalSection
	GlobalSection(ProjectConfigurationPlatforms) = postSolution
		{5A7DAC68-A0F9-42B3-89C2-984707DCCBC0}.Debug|Any CPU.ActiveCfg = Debug|Any CPU
		{5A7DAC68-A0F9-42B3-89C2-984707DCCBC0}.Debug|Any CPU.Build.0 = Debug|Any CPU
		{5A7DAC68-A0F9-42B3-89C2-984707DCCBC0}.Release|Any CPU.ActiveCfg = Release|Any CPU
		{5A7DAC68-A0F9-42B3-89C2-984707DCCBC0}.Release|Any CPU.Build.0 = Release|Any CPU
		{CB8DFA0C-4B0E-4BE3-BDD1-57D98B883586}.Debug|Any CPU.ActiveCfg = Debug|Any CPU
		{CB8DFA0C-4B0E-4BE3-BDD1-57D98B883586}.Debug|Any CPU.Build.0 = Debug|Any CPU
		{CB8DFA0C-4B0E-4BE3-BDD1-57D98B883586}.Release|Any CPU.ActiveCfg = Release|Any CPU
		{CB8DFA0C-4B0E-4BE3-BDD1-57D98B883586}.Release|Any CPU.Build.0 = Release|Any CPU
		{5CF9D7E9-897C-41D3-AE64-0D29E644047D}.Debug|Any CPU.ActiveCfg = Debug|Any CPU
		{5CF9D7E9-897C-41D3-AE64-0D29E644047D}.Debug|Any CPU.Build.0 = Debug|Any CPU
		{5CF9D7E9-897C-41D3-AE64-0D29E644047D}.Release|Any CPU.ActiveCfg = Release|Any CPU
		{5CF9D7E9-897C-41D3-AE64-0D29E644047D}.Release|Any CPU.Build.0 = Release|Any CPU
		{26CE875D-C2C0-45D7-8485-258D6A086335}.Debug|Any CPU.ActiveCfg = Debug|Any CPU
		{26CE875D-C2C0-45D7-8485-258D6A086335}.Debug|Any CPU.Build.0 = Debug|Any CPU
		{26CE875D-C2C0-45D7-8485-258D6A086335}.Release|Any CPU.ActiveCfg = Release|Any CPU
		{26CE875D-C2C0-45D7-8485-258D6A086335}.Release|Any CPU.Build.0 = Release|Any CPU
		{3CF50765-BC90-462C-8F02-D9CD245E6F65}.Debug|Any CPU.ActiveCfg = Debug|Any CPU
		{3CF50765-BC90-462C-8F02-D9CD245E6F65}.Debug|Any CPU.Build.0 = Debug|Any CPU
		{3CF50765-BC90-462C-8F02-D9CD245E6F65}.Release|Any CPU.ActiveCfg = Release|Any CPU
		{3CF50765-BC90-462C-8F02-D9CD245E6F65}.Release|Any CPU.Build.0 = Release|Any CPU
		{A6FF9CAC-DBD1-448A-B090-BD75043E35F8}.Debug|Any CPU.ActiveCfg = Debug|Any CPU
		{A6FF9CAC-DBD1-448A-B090-BD75043E35F8}.Debug|Any CPU.Build.0 = Debug|Any CPU
		{A6FF9CAC-DBD1-448A-B090-BD75043E35F8}.Release|Any CPU.ActiveCfg = Release|Any CPU
		{A6FF9CAC-DBD1-448A-B090-BD75043E35F8}.Release|Any CPU.Build.0 = Release|Any CPU
		{923A5545-3F0D-4275-BFCB-292B27BFD76B}.Debug|Any CPU.ActiveCfg = Debug|Any CPU
		{923A5545-3F0D-4275-BFCB-292B27BFD76B}.Debug|Any CPU.Build.0 = Debug|Any CPU
		{923A5545-3F0D-4275-BFCB-292B27BFD76B}.Release|Any CPU.ActiveCfg = Release|Any CPU
		{923A5545-3F0D-4275-BFCB-292B27BFD76B}.Release|Any CPU.Build.0 = Release|Any CPU
		{FA6727B0-CFFA-4805-B374-3ABC7E644EB9}.Debug|Any CPU.ActiveCfg = Debug|Any CPU
		{FA6727B0-CFFA-4805-B374-3ABC7E644EB9}.Debug|Any CPU.Build.0 = Debug|Any CPU
		{FA6727B0-CFFA-4805-B374-3ABC7E644EB9}.Release|Any CPU.ActiveCfg = Release|Any CPU
		{FA6727B0-CFFA-4805-B374-3ABC7E644EB9}.Release|Any CPU.Build.0 = Release|Any CPU
		{C39ED348-91E0-48E1-87D1-07FA430109F3}.Debug|Any CPU.ActiveCfg = Debug|Any CPU
		{C39ED348-91E0-48E1-87D1-07FA430109F3}.Debug|Any CPU.Build.0 = Debug|Any CPU
		{C39ED348-91E0-48E1-87D1-07FA430109F3}.Release|Any CPU.ActiveCfg = Release|Any CPU
		{C39ED348-91E0-48E1-87D1-07FA430109F3}.Release|Any CPU.Build.0 = Release|Any CPU
		{C1A608E3-A533-44D2-826E-CEC8FDD0F64D}.Debug|Any CPU.ActiveCfg = Debug|Any CPU
		{C1A608E3-A533-44D2-826E-CEC8FDD0F64D}.Debug|Any CPU.Build.0 = Debug|Any CPU
		{C1A608E3-A533-44D2-826E-CEC8FDD0F64D}.Release|Any CPU.ActiveCfg = Release|Any CPU
		{C1A608E3-A533-44D2-826E-CEC8FDD0F64D}.Release|Any CPU.Build.0 = Release|Any CPU
		{08A44CC3-6FAD-46C7-90AE-E68AD60CDC38}.Debug|Any CPU.ActiveCfg = Debug|Any CPU
		{08A44CC3-6FAD-46C7-90AE-E68AD60CDC38}.Debug|Any CPU.Build.0 = Debug|Any CPU
		{08A44CC3-6FAD-46C7-90AE-E68AD60CDC38}.Release|Any CPU.ActiveCfg = Release|Any CPU
		{08A44CC3-6FAD-46C7-90AE-E68AD60CDC38}.Release|Any CPU.Build.0 = Release|Any CPU
		{7857FEA7-083D-4057-8E8F-092EB4579CC1}.Debug|Any CPU.ActiveCfg = Debug|Any CPU
		{7857FEA7-083D-4057-8E8F-092EB4579CC1}.Debug|Any CPU.Build.0 = Debug|Any CPU
		{7857FEA7-083D-4057-8E8F-092EB4579CC1}.Release|Any CPU.ActiveCfg = Release|Any CPU
		{7857FEA7-083D-4057-8E8F-092EB4579CC1}.Release|Any CPU.Build.0 = Release|Any CPU
	EndGlobalSection
	GlobalSection(SolutionProperties) = preSolution
		HideSolutionNode = FALSE
	EndGlobalSection
	GlobalSection(NestedProjects) = preSolution
		{5A7DAC68-A0F9-42B3-89C2-984707DCCBC0} = {871E1934-8AF6-4F53-9927-834FE53D16BA}
		{CB8DFA0C-4B0E-4BE3-BDD1-57D98B883586} = {1D07CB38-D4A5-4A86-BF85-E2477F86344D}
		{5CF9D7E9-897C-41D3-AE64-0D29E644047D} = {1D07CB38-D4A5-4A86-BF85-E2477F86344D}
		{26CE875D-C2C0-45D7-8485-258D6A086335} = {1D07CB38-D4A5-4A86-BF85-E2477F86344D}
		{3CF50765-BC90-462C-8F02-D9CD245E6F65} = {1D07CB38-D4A5-4A86-BF85-E2477F86344D}
		{A6FF9CAC-DBD1-448A-B090-BD75043E35F8} = {1D07CB38-D4A5-4A86-BF85-E2477F86344D}
		{923A5545-3F0D-4275-BFCB-292B27BFD76B} = {1D07CB38-D4A5-4A86-BF85-E2477F86344D}
		{FA6727B0-CFFA-4805-B374-3ABC7E644EB9} = {871E1934-8AF6-4F53-9927-834FE53D16BA}
		{9B714ADC-5CF3-4977-942E-341ACCED18E4} = {84245EB0-0675-409A-9906-0C638F2618C5}
		{F45C61CA-A141-4129-A253-222B5A85CFAB} = {9B714ADC-5CF3-4977-942E-341ACCED18E4}
		{DF02FEBD-0E17-4B49-B173-EE1DF6C16B73} = {F45C61CA-A141-4129-A253-222B5A85CFAB}
		{1C80AAFB-7489-47BE-9B20-2162BCD30B24} = {F45C61CA-A141-4129-A253-222B5A85CFAB}
		{E758F907-310C-4BAA-A402-7AF9DEC23BD1} = {F45C61CA-A141-4129-A253-222B5A85CFAB}
		{F5EDC47A-A124-4D1B-BE9A-D521259DD595} = {F45C61CA-A141-4129-A253-222B5A85CFAB}
		{9B9F5B4E-48E9-4C8B-8AA2-5F6DF1324BF6} = {F45C61CA-A141-4129-A253-222B5A85CFAB}
		{A5B4B1AE-6AD0-4F2C-894E-9E71A5FE62B0} = {F45C61CA-A141-4129-A253-222B5A85CFAB}
		{DEB83223-19B5-4206-B64A-0DD0B2570999} = {9B714ADC-5CF3-4977-942E-341ACCED18E4}
		{2DB691DB-20CF-4532-925B-1F8061550995} = {DEB83223-19B5-4206-B64A-0DD0B2570999}
		{B61B8B0A-C48A-48AB-B652-5A0BA7EBC1B3} = {DEB83223-19B5-4206-B64A-0DD0B2570999}
		{C39ED348-91E0-48E1-87D1-07FA430109F3} = {9B714ADC-5CF3-4977-942E-341ACCED18E4}
		{F92298F6-8FA9-453E-9A35-B90DEAA9FCED} = {DEB83223-19B5-4206-B64A-0DD0B2570999}
		{C1A608E3-A533-44D2-826E-CEC8FDD0F64D} = {F92298F6-8FA9-453E-9A35-B90DEAA9FCED}
		{9B29FA4D-4B56-44A4-9EF5-F066802FF6C3} = {DEB83223-19B5-4206-B64A-0DD0B2570999}
		{08A44CC3-6FAD-46C7-90AE-E68AD60CDC38} = {9B29FA4D-4B56-44A4-9EF5-F066802FF6C3}
		{7857FEA7-083D-4057-8E8F-092EB4579CC1} = {1D07CB38-D4A5-4A86-BF85-E2477F86344D}
	EndGlobalSection
	GlobalSection(ExtensibilityGlobals) = postSolution
		SolutionGuid = {5001B360-4E6E-4C6F-9430-DDD48086186C}
	EndGlobalSection
EndGlobal
