
Microsoft Visual Studio Solution File, Format Version 12.00
# Visual Studio Version 17
VisualStudioVersion = 17.4.33205.214
MinimumVisualStudioVersion = 10.0.40219.1
Project("{FAE04EC0-301F-11D3-BF4B-00C04F79EFBC}") = "Tp_Pizzas_Api", "Tp_Pizzas_Api\Tp_Pizzas_Api.csproj", "{936AB64C-9267-4DEA-9BDF-B14B8B48D1D1}"
EndProject
Project("{FAE04EC0-301F-11D3-BF4B-00C04F79EFBC}") = "Tp_Pizzas_Blazor", "Tp_Pizzas_Blazor\Tp_Pizzas_Blazor.csproj", "{74CD3BEC-CAA8-4078-9F6A-83B2A3AAC3AD}"
EndProject
Global
	GlobalSection(SolutionConfigurationPlatforms) = preSolution
		Debug|Any CPU = Debug|Any CPU
		Release|Any CPU = Release|Any CPU
	EndGlobalSection
	GlobalSection(ProjectConfigurationPlatforms) = postSolution
		{936AB64C-9267-4DEA-9BDF-B14B8B48D1D1}.Debug|Any CPU.ActiveCfg = Debug|Any CPU
		{936AB64C-9267-4DEA-9BDF-B14B8B48D1D1}.Debug|Any CPU.Build.0 = Debug|Any CPU
		{936AB64C-9267-4DEA-9BDF-B14B8B48D1D1}.Release|Any CPU.ActiveCfg = Release|Any CPU
		{936AB64C-9267-4DEA-9BDF-B14B8B48D1D1}.Release|Any CPU.Build.0 = Release|Any CPU
		{74CD3BEC-CAA8-4078-9F6A-83B2A3AAC3AD}.Debug|Any CPU.ActiveCfg = Debug|Any CPU
		{74CD3BEC-CAA8-4078-9F6A-83B2A3AAC3AD}.Debug|Any CPU.Build.0 = Debug|Any CPU
		{74CD3BEC-CAA8-4078-9F6A-83B2A3AAC3AD}.Release|Any CPU.ActiveCfg = Release|Any CPU
		{74CD3BEC-CAA8-4078-9F6A-83B2A3AAC3AD}.Release|Any CPU.Build.0 = Release|Any CPU
	EndGlobalSection
	GlobalSection(SolutionProperties) = preSolution
		HideSolutionNode = FALSE
	EndGlobalSection
	GlobalSection(ExtensibilityGlobals) = postSolution
		SolutionGuid = {7F9295FD-C951-42E2-88A9-8E35F38BE865}
	EndGlobalSection
EndGlobal
