
Microsoft Visual Studio Solution File, Format Version 12.00
# Visual Studio Version 17
VisualStudioVersion = 17.4.33122.133
MinimumVisualStudioVersion = 10.0.40219.1
Project("{2150E333-8FDC-42A3-9474-1A3956D46DE8}") = "exercices", "exercices", "{4A8F7614-E23E-42BD-8718-A91B0B4B3A37}"
EndProject
Project("{2150E333-8FDC-42A3-9474-1A3956D46DE8}") = "cours", "cours", "{A27947C1-79F0-4AD4-B9A8-3500DE221A98}"
EndProject
Project("{9A19103F-16F7-4668-BE54-9A1E7A4F7556}") = "1- premierProjet", "exercices\1- premierProjet\1- premierProjet.csproj", "{F49ECC7F-9B1F-4D94-8085-0B4481E4DB5B}"
EndProject
Project("{9A19103F-16F7-4668-BE54-9A1E7A4F7556}") = "1- premierProjetCours", "cours\1- premierProjetCours\1- premierProjetCours.csproj", "{991B40DC-DAEC-4077-83C6-654E36DB6557}"
EndProject
Project("{9A19103F-16F7-4668-BE54-9A1E7A4F7556}") = "Variables", "cours\Variables\Variables.csproj", "{9F100097-450A-4A93-87AD-15A7C4748348}"
EndProject
Project("{9A19103F-16F7-4668-BE54-9A1E7A4F7556}") = "2- variables string", "exercices\2- variables string\2- variables string.csproj", "{85E74B15-358D-42FD-994C-6BFD945DE044}"
EndProject
Project("{9A19103F-16F7-4668-BE54-9A1E7A4F7556}") = "3- var string concat", "exercices\3- var string concat\3- var string concat.csproj", "{5991EA31-63DE-4523-87E1-C462A8EB73A7}"
EndProject
Project("{9A19103F-16F7-4668-BE54-9A1E7A4F7556}") = "4- var string et int concat", "exercices\4- var string et int concat\4- var string et int concat.csproj", "{55A1397B-9B47-4C3C-B941-442BE51B766D}"
EndProject
Project("{9A19103F-16F7-4668-BE54-9A1E7A4F7556}") = "5- var numeriques", "exercices\5- var numeriques\5- var numeriques.csproj", "{02867888-9CA3-45FE-B14C-B112DE4138E0}"
EndProject
Project("{9A19103F-16F7-4668-BE54-9A1E7A4F7556}") = "6- calc carre rectangle", "exercices\6- calc carre rectangle\6- calc carre rectangle.csproj", "{7941F600-88C5-451B-B591-7775B538B747}"
EndProject
Project("{9A19103F-16F7-4668-BE54-9A1E7A4F7556}") = "7- hypotenuse", "exercices\7- hypotenuse\7- hypotenuse.csproj", "{F70FC505-45E2-4E9A-A4BA-5499B0753A4F}"
EndProject
Project("{9A19103F-16F7-4668-BE54-9A1E7A4F7556}") = "8- montant tva", "exercices\8- montant tva\8- montant tva.csproj", "{9595A78C-5FB3-452F-8DBC-B28DD2E9C646}"
EndProject
Project("{9A19103F-16F7-4668-BE54-9A1E7A4F7556}") = "9- interets", "exercices\9- interets\9- interets.csproj", "{DDDD27E4-7632-434E-932D-BF4428A52D5F}"
EndProject
Project("{9A19103F-16F7-4668-BE54-9A1E7A4F7556}") = "conditions", "cours\conditions\conditions.csproj", "{8A282B55-C606-40CF-9DDB-68148690FEEC}"
EndProject
Project("{9A19103F-16F7-4668-BE54-9A1E7A4F7556}") = "10- lettres", "exercices\10- lettres\10- lettres.csproj", "{DB80660F-68E9-428E-880E-20AF7E2CA0B8}"
EndProject
Project("{9A19103F-16F7-4668-BE54-9A1E7A4F7556}") = "11- nb divisible", "exercices\11- nb divisible\11- nb divisible.csproj", "{9CBDCCEE-2558-4EC6-8E3B-91EE9F856B50}"
EndProject
Project("{9A19103F-16F7-4668-BE54-9A1E7A4F7556}") = "cate enfant", "exercices\cate enfant\cate enfant.csproj", "{19F9401D-76B1-4AA9-BA16-030408D686B4}"
EndProject
Project("{9A19103F-16F7-4668-BE54-9A1E7A4F7556}") = "13- nature du triangle", "exercices\13- nature du triangle\13- nature du triangle.csproj", "{BB39847B-BAF4-49A2-8CEC-0328469F4337}"
EndProject
Project("{9A19103F-16F7-4668-BE54-9A1E7A4F7556}") = "14 - taille vetement", "exercices\14 - taille vetement\14 - taille vetement.csproj", "{3C962092-F4FD-4FA5-9467-CCE62CF7B977}"
EndProject
Project("{9A19103F-16F7-4668-BE54-9A1E7A4F7556}") = "15- prime", "exercices\15- prime\15- prime.csproj", "{17C2964A-5715-4C9E-B6C2-8964A0E0240A}"
EndProject
Project("{9A19103F-16F7-4668-BE54-9A1E7A4F7556}") = "16- impots", "exercices\16- impots\16- impots.csproj", "{E96F9C06-2076-4BE9-8BAD-FD8B39601BED}"
EndProject
Project("{9A19103F-16F7-4668-BE54-9A1E7A4F7556}") = "17- distrib", "exercices\17- distrib\17- distrib.csproj", "{D234815A-EC6E-45D1-B9A8-2086EB4575E4}"
EndProject
Project("{9A19103F-16F7-4668-BE54-9A1E7A4F7556}") = "18- cate enfant switch", "exercices\18- cate enfant switch\18- cate enfant switch.csproj", "{9D697A0E-971A-4772-96ED-F447222EF8E8}"
EndProject
Project("{9A19103F-16F7-4668-BE54-9A1E7A4F7556}") = "19- impots switch", "exercices\19- impots switch\19- impots switch.csproj", "{6CED73ED-EBF7-48C9-84D5-3C741AB56C43}"
EndProject
Project("{9A19103F-16F7-4668-BE54-9A1E7A4F7556}") = "20- for 10", "exercices\20- for 10\20- for 10.csproj", "{768DE123-B4C5-44FA-AE56-7B3D70D9F7BA}"
EndProject
Project("{9A19103F-16F7-4668-BE54-9A1E7A4F7556}") = "21- for livre", "exercices\21- for livre\21- for livre.csproj", "{3E8D7520-D176-4DBD-B177-4681499B9A2B}"
EndProject
Project("{9A19103F-16F7-4668-BE54-9A1E7A4F7556}") = "22- table de mult", "exercices\22- table de mult\22- table de mult.csproj", "{2471CD4B-52CF-403B-BE5F-8136FA594177}"
EndProject
Project("{9A19103F-16F7-4668-BE54-9A1E7A4F7556}") = "23- pop", "exercices\23- pop\23- pop.csproj", "{FBEB2AF9-504F-4112-9D7A-EA9A859AF76B}"
EndProject
Project("{9A19103F-16F7-4668-BE54-9A1E7A4F7556}") = "24- sommes", "exercices\24- sommes\24- sommes.csproj", "{BC38A2FB-24B3-4624-B148-B8387AB1CF93}"
EndProject
Project("{9A19103F-16F7-4668-BE54-9A1E7A4F7556}") = "25- notes", "exercices\25- notes\25- notes.csproj", "{6CFC6D0B-CBCF-452E-952C-7BC7A196C816}"
EndProject
Project("{9A19103F-16F7-4668-BE54-9A1E7A4F7556}") = "26- pop while", "exercices\26- pop while\26- pop while.csproj", "{CE68D7B4-F005-4E82-85A3-B84F7CF90C9F}"
EndProject
Project("{9A19103F-16F7-4668-BE54-9A1E7A4F7556}") = "27- sommes while", "exercices\27- sommes while\27- sommes while.csproj", "{0F8FB3E1-FA00-4B69-840A-98E4902CEDE1}"
EndProject
Project("{9A19103F-16F7-4668-BE54-9A1E7A4F7556}") = "29- notes", "exercices\29- notes\29- notes.csproj", "{8A752815-2508-42F1-A4C8-8D56A5890306}"
EndProject
Project("{9A19103F-16F7-4668-BE54-9A1E7A4F7556}") = "28- nb mystere", "exercices\28- nb mystere\28- nb mystere.csproj", "{A1C80803-98BF-49EF-A302-94C96CE40ACD}"
EndProject
Project("{9A19103F-16F7-4668-BE54-9A1E7A4F7556}") = "30- qcm", "exercices\30- qcm\30- qcm.csproj", "{72745B71-81AA-44E5-A295-99621B96E83B}"
EndProject
Project("{9A19103F-16F7-4668-BE54-9A1E7A4F7556}") = "31- notes menu doWhile", "exercices\31- notes menu doWhile\31- notes menu doWhile.csproj", "{A4C4F025-750B-41A1-92AB-5F7914EB647F}"
EndProject
Project("{9A19103F-16F7-4668-BE54-9A1E7A4F7556}") = "31- v2", "exercices\31- v2\31- v2.csproj", "{E96637A6-C5CC-4F2D-ACEA-67C6B8ECCDED}"
EndProject
Project("{9A19103F-16F7-4668-BE54-9A1E7A4F7556}") = "32- insertion valeur", "exercices\32- insertion valeur\32- insertion valeur.csproj", "{1760ABB5-BBA7-4111-98AA-89163D08835E}"
EndProject
Project("{9A19103F-16F7-4668-BE54-9A1E7A4F7556}") = "32- tab acsii", "exercices\32- tab acsii\32- tab acsii.csproj", "{51471326-322D-4B43-8580-BFB1CC753097}"
EndProject
Project("{9A19103F-16F7-4668-BE54-9A1E7A4F7556}") = "34- evenodd", "exercices\34- evenodd\34- evenodd.csproj", "{79542C43-C317-45D7-BE8B-550FA2EEAA2B}"
EndProject
Project("{9A19103F-16F7-4668-BE54-9A1E7A4F7556}") = "35- tabListContact", "exercices\35- tabListContact\35- tabListContact.csproj", "{8D79C0A6-5CD1-48E8-B164-22E72E1D11FE}"
EndProject
Project("{9A19103F-16F7-4668-BE54-9A1E7A4F7556}") = "36- tab notes", "exercices\36- tab notes\36- tab notes.csproj", "{BB6A5C35-B004-46A5-B893-0D3076D017B4}"
EndProject
Project("{9A19103F-16F7-4668-BE54-9A1E7A4F7556}") = "37- mois annee", "exercices\37- mois annee\37- mois annee.csproj", "{09FC6104-94E6-44B8-9394-1EAF4049D440}"
EndProject
Project("{9A19103F-16F7-4668-BE54-9A1E7A4F7556}") = "38- des nombres", "exercices\38- des nombres\38- des nombres.csproj", "{FE64B1F0-A011-4A89-93BB-B79466458601}"
EndProject
Project("{9A19103F-16F7-4668-BE54-9A1E7A4F7556}") = "38- tirage au sort", "exercices\38- tirage au sort\38- tirage au sort.csproj", "{C617FE78-2CB0-462F-A940-D944363D8FB9}"
EndProject
Project("{9A19103F-16F7-4668-BE54-9A1E7A4F7556}") = "38- v2", "exercices\38- v2\38- v2.csproj", "{C5DD76BD-AADC-4831-9280-5E13AE5994A2}"
EndProject
Project("{9A19103F-16F7-4668-BE54-9A1E7A4F7556}") = "methodes", "cours\methodes\methodes.csproj", "{9D52535F-932A-468A-966B-522E0C4ADA17}"
EndProject
Project("{FAE04EC0-301F-11D3-BF4B-00C04F79EFBC}") = "39- tp", "exercices\39- tp\39- tp.csproj", "{C7CAD1D4-2053-41FD-A81F-221B32B6C6AF}"
EndProject
Global
	GlobalSection(SolutionConfigurationPlatforms) = preSolution
		Debug|Any CPU = Debug|Any CPU
		Release|Any CPU = Release|Any CPU
	EndGlobalSection
	GlobalSection(ProjectConfigurationPlatforms) = postSolution
		{F49ECC7F-9B1F-4D94-8085-0B4481E4DB5B}.Debug|Any CPU.ActiveCfg = Debug|Any CPU
		{F49ECC7F-9B1F-4D94-8085-0B4481E4DB5B}.Debug|Any CPU.Build.0 = Debug|Any CPU
		{F49ECC7F-9B1F-4D94-8085-0B4481E4DB5B}.Release|Any CPU.ActiveCfg = Release|Any CPU
		{F49ECC7F-9B1F-4D94-8085-0B4481E4DB5B}.Release|Any CPU.Build.0 = Release|Any CPU
		{991B40DC-DAEC-4077-83C6-654E36DB6557}.Debug|Any CPU.ActiveCfg = Debug|Any CPU
		{991B40DC-DAEC-4077-83C6-654E36DB6557}.Debug|Any CPU.Build.0 = Debug|Any CPU
		{991B40DC-DAEC-4077-83C6-654E36DB6557}.Release|Any CPU.ActiveCfg = Release|Any CPU
		{991B40DC-DAEC-4077-83C6-654E36DB6557}.Release|Any CPU.Build.0 = Release|Any CPU
		{9F100097-450A-4A93-87AD-15A7C4748348}.Debug|Any CPU.ActiveCfg = Debug|Any CPU
		{9F100097-450A-4A93-87AD-15A7C4748348}.Debug|Any CPU.Build.0 = Debug|Any CPU
		{9F100097-450A-4A93-87AD-15A7C4748348}.Release|Any CPU.ActiveCfg = Release|Any CPU
		{9F100097-450A-4A93-87AD-15A7C4748348}.Release|Any CPU.Build.0 = Release|Any CPU
		{85E74B15-358D-42FD-994C-6BFD945DE044}.Debug|Any CPU.ActiveCfg = Debug|Any CPU
		{85E74B15-358D-42FD-994C-6BFD945DE044}.Debug|Any CPU.Build.0 = Debug|Any CPU
		{85E74B15-358D-42FD-994C-6BFD945DE044}.Release|Any CPU.ActiveCfg = Release|Any CPU
		{85E74B15-358D-42FD-994C-6BFD945DE044}.Release|Any CPU.Build.0 = Release|Any CPU
		{5991EA31-63DE-4523-87E1-C462A8EB73A7}.Debug|Any CPU.ActiveCfg = Debug|Any CPU
		{5991EA31-63DE-4523-87E1-C462A8EB73A7}.Debug|Any CPU.Build.0 = Debug|Any CPU
		{5991EA31-63DE-4523-87E1-C462A8EB73A7}.Release|Any CPU.ActiveCfg = Release|Any CPU
		{5991EA31-63DE-4523-87E1-C462A8EB73A7}.Release|Any CPU.Build.0 = Release|Any CPU
		{55A1397B-9B47-4C3C-B941-442BE51B766D}.Debug|Any CPU.ActiveCfg = Debug|Any CPU
		{55A1397B-9B47-4C3C-B941-442BE51B766D}.Debug|Any CPU.Build.0 = Debug|Any CPU
		{55A1397B-9B47-4C3C-B941-442BE51B766D}.Release|Any CPU.ActiveCfg = Release|Any CPU
		{55A1397B-9B47-4C3C-B941-442BE51B766D}.Release|Any CPU.Build.0 = Release|Any CPU
		{02867888-9CA3-45FE-B14C-B112DE4138E0}.Debug|Any CPU.ActiveCfg = Debug|Any CPU
		{02867888-9CA3-45FE-B14C-B112DE4138E0}.Debug|Any CPU.Build.0 = Debug|Any CPU
		{02867888-9CA3-45FE-B14C-B112DE4138E0}.Release|Any CPU.ActiveCfg = Release|Any CPU
		{02867888-9CA3-45FE-B14C-B112DE4138E0}.Release|Any CPU.Build.0 = Release|Any CPU
		{7941F600-88C5-451B-B591-7775B538B747}.Debug|Any CPU.ActiveCfg = Debug|Any CPU
		{7941F600-88C5-451B-B591-7775B538B747}.Debug|Any CPU.Build.0 = Debug|Any CPU
		{7941F600-88C5-451B-B591-7775B538B747}.Release|Any CPU.ActiveCfg = Release|Any CPU
		{7941F600-88C5-451B-B591-7775B538B747}.Release|Any CPU.Build.0 = Release|Any CPU
		{F70FC505-45E2-4E9A-A4BA-5499B0753A4F}.Debug|Any CPU.ActiveCfg = Debug|Any CPU
		{F70FC505-45E2-4E9A-A4BA-5499B0753A4F}.Debug|Any CPU.Build.0 = Debug|Any CPU
		{F70FC505-45E2-4E9A-A4BA-5499B0753A4F}.Release|Any CPU.ActiveCfg = Release|Any CPU
		{F70FC505-45E2-4E9A-A4BA-5499B0753A4F}.Release|Any CPU.Build.0 = Release|Any CPU
		{9595A78C-5FB3-452F-8DBC-B28DD2E9C646}.Debug|Any CPU.ActiveCfg = Debug|Any CPU
		{9595A78C-5FB3-452F-8DBC-B28DD2E9C646}.Debug|Any CPU.Build.0 = Debug|Any CPU
		{9595A78C-5FB3-452F-8DBC-B28DD2E9C646}.Release|Any CPU.ActiveCfg = Release|Any CPU
		{9595A78C-5FB3-452F-8DBC-B28DD2E9C646}.Release|Any CPU.Build.0 = Release|Any CPU
		{DDDD27E4-7632-434E-932D-BF4428A52D5F}.Debug|Any CPU.ActiveCfg = Debug|Any CPU
		{DDDD27E4-7632-434E-932D-BF4428A52D5F}.Debug|Any CPU.Build.0 = Debug|Any CPU
		{DDDD27E4-7632-434E-932D-BF4428A52D5F}.Release|Any CPU.ActiveCfg = Release|Any CPU
		{DDDD27E4-7632-434E-932D-BF4428A52D5F}.Release|Any CPU.Build.0 = Release|Any CPU
		{8A282B55-C606-40CF-9DDB-68148690FEEC}.Debug|Any CPU.ActiveCfg = Debug|Any CPU
		{8A282B55-C606-40CF-9DDB-68148690FEEC}.Debug|Any CPU.Build.0 = Debug|Any CPU
		{8A282B55-C606-40CF-9DDB-68148690FEEC}.Release|Any CPU.ActiveCfg = Release|Any CPU
		{8A282B55-C606-40CF-9DDB-68148690FEEC}.Release|Any CPU.Build.0 = Release|Any CPU
		{DB80660F-68E9-428E-880E-20AF7E2CA0B8}.Debug|Any CPU.ActiveCfg = Debug|Any CPU
		{DB80660F-68E9-428E-880E-20AF7E2CA0B8}.Debug|Any CPU.Build.0 = Debug|Any CPU
		{DB80660F-68E9-428E-880E-20AF7E2CA0B8}.Release|Any CPU.ActiveCfg = Release|Any CPU
		{DB80660F-68E9-428E-880E-20AF7E2CA0B8}.Release|Any CPU.Build.0 = Release|Any CPU
		{9CBDCCEE-2558-4EC6-8E3B-91EE9F856B50}.Debug|Any CPU.ActiveCfg = Debug|Any CPU
		{9CBDCCEE-2558-4EC6-8E3B-91EE9F856B50}.Debug|Any CPU.Build.0 = Debug|Any CPU
		{9CBDCCEE-2558-4EC6-8E3B-91EE9F856B50}.Release|Any CPU.ActiveCfg = Release|Any CPU
		{9CBDCCEE-2558-4EC6-8E3B-91EE9F856B50}.Release|Any CPU.Build.0 = Release|Any CPU
		{19F9401D-76B1-4AA9-BA16-030408D686B4}.Debug|Any CPU.ActiveCfg = Debug|Any CPU
		{19F9401D-76B1-4AA9-BA16-030408D686B4}.Debug|Any CPU.Build.0 = Debug|Any CPU
		{19F9401D-76B1-4AA9-BA16-030408D686B4}.Release|Any CPU.ActiveCfg = Release|Any CPU
		{19F9401D-76B1-4AA9-BA16-030408D686B4}.Release|Any CPU.Build.0 = Release|Any CPU
		{BB39847B-BAF4-49A2-8CEC-0328469F4337}.Debug|Any CPU.ActiveCfg = Debug|Any CPU
		{BB39847B-BAF4-49A2-8CEC-0328469F4337}.Debug|Any CPU.Build.0 = Debug|Any CPU
		{BB39847B-BAF4-49A2-8CEC-0328469F4337}.Release|Any CPU.ActiveCfg = Release|Any CPU
		{BB39847B-BAF4-49A2-8CEC-0328469F4337}.Release|Any CPU.Build.0 = Release|Any CPU
		{3C962092-F4FD-4FA5-9467-CCE62CF7B977}.Debug|Any CPU.ActiveCfg = Debug|Any CPU
		{3C962092-F4FD-4FA5-9467-CCE62CF7B977}.Debug|Any CPU.Build.0 = Debug|Any CPU
		{3C962092-F4FD-4FA5-9467-CCE62CF7B977}.Release|Any CPU.ActiveCfg = Release|Any CPU
		{3C962092-F4FD-4FA5-9467-CCE62CF7B977}.Release|Any CPU.Build.0 = Release|Any CPU
		{17C2964A-5715-4C9E-B6C2-8964A0E0240A}.Debug|Any CPU.ActiveCfg = Debug|Any CPU
		{17C2964A-5715-4C9E-B6C2-8964A0E0240A}.Debug|Any CPU.Build.0 = Debug|Any CPU
		{17C2964A-5715-4C9E-B6C2-8964A0E0240A}.Release|Any CPU.ActiveCfg = Release|Any CPU
		{17C2964A-5715-4C9E-B6C2-8964A0E0240A}.Release|Any CPU.Build.0 = Release|Any CPU
		{E96F9C06-2076-4BE9-8BAD-FD8B39601BED}.Debug|Any CPU.ActiveCfg = Debug|Any CPU
		{E96F9C06-2076-4BE9-8BAD-FD8B39601BED}.Debug|Any CPU.Build.0 = Debug|Any CPU
		{E96F9C06-2076-4BE9-8BAD-FD8B39601BED}.Release|Any CPU.ActiveCfg = Release|Any CPU
		{E96F9C06-2076-4BE9-8BAD-FD8B39601BED}.Release|Any CPU.Build.0 = Release|Any CPU
		{D234815A-EC6E-45D1-B9A8-2086EB4575E4}.Debug|Any CPU.ActiveCfg = Debug|Any CPU
		{D234815A-EC6E-45D1-B9A8-2086EB4575E4}.Debug|Any CPU.Build.0 = Debug|Any CPU
		{D234815A-EC6E-45D1-B9A8-2086EB4575E4}.Release|Any CPU.ActiveCfg = Release|Any CPU
		{D234815A-EC6E-45D1-B9A8-2086EB4575E4}.Release|Any CPU.Build.0 = Release|Any CPU
		{9D697A0E-971A-4772-96ED-F447222EF8E8}.Debug|Any CPU.ActiveCfg = Debug|Any CPU
		{9D697A0E-971A-4772-96ED-F447222EF8E8}.Debug|Any CPU.Build.0 = Debug|Any CPU
		{9D697A0E-971A-4772-96ED-F447222EF8E8}.Release|Any CPU.ActiveCfg = Release|Any CPU
		{9D697A0E-971A-4772-96ED-F447222EF8E8}.Release|Any CPU.Build.0 = Release|Any CPU
		{6CED73ED-EBF7-48C9-84D5-3C741AB56C43}.Debug|Any CPU.ActiveCfg = Debug|Any CPU
		{6CED73ED-EBF7-48C9-84D5-3C741AB56C43}.Debug|Any CPU.Build.0 = Debug|Any CPU
		{6CED73ED-EBF7-48C9-84D5-3C741AB56C43}.Release|Any CPU.ActiveCfg = Release|Any CPU
		{6CED73ED-EBF7-48C9-84D5-3C741AB56C43}.Release|Any CPU.Build.0 = Release|Any CPU
		{768DE123-B4C5-44FA-AE56-7B3D70D9F7BA}.Debug|Any CPU.ActiveCfg = Debug|Any CPU
		{768DE123-B4C5-44FA-AE56-7B3D70D9F7BA}.Debug|Any CPU.Build.0 = Debug|Any CPU
		{768DE123-B4C5-44FA-AE56-7B3D70D9F7BA}.Release|Any CPU.ActiveCfg = Release|Any CPU
		{768DE123-B4C5-44FA-AE56-7B3D70D9F7BA}.Release|Any CPU.Build.0 = Release|Any CPU
		{3E8D7520-D176-4DBD-B177-4681499B9A2B}.Debug|Any CPU.ActiveCfg = Debug|Any CPU
		{3E8D7520-D176-4DBD-B177-4681499B9A2B}.Debug|Any CPU.Build.0 = Debug|Any CPU
		{3E8D7520-D176-4DBD-B177-4681499B9A2B}.Release|Any CPU.ActiveCfg = Release|Any CPU
		{3E8D7520-D176-4DBD-B177-4681499B9A2B}.Release|Any CPU.Build.0 = Release|Any CPU
		{2471CD4B-52CF-403B-BE5F-8136FA594177}.Debug|Any CPU.ActiveCfg = Debug|Any CPU
		{2471CD4B-52CF-403B-BE5F-8136FA594177}.Debug|Any CPU.Build.0 = Debug|Any CPU
		{2471CD4B-52CF-403B-BE5F-8136FA594177}.Release|Any CPU.ActiveCfg = Release|Any CPU
		{2471CD4B-52CF-403B-BE5F-8136FA594177}.Release|Any CPU.Build.0 = Release|Any CPU
		{FBEB2AF9-504F-4112-9D7A-EA9A859AF76B}.Debug|Any CPU.ActiveCfg = Debug|Any CPU
		{FBEB2AF9-504F-4112-9D7A-EA9A859AF76B}.Debug|Any CPU.Build.0 = Debug|Any CPU
		{FBEB2AF9-504F-4112-9D7A-EA9A859AF76B}.Release|Any CPU.ActiveCfg = Release|Any CPU
		{FBEB2AF9-504F-4112-9D7A-EA9A859AF76B}.Release|Any CPU.Build.0 = Release|Any CPU
		{BC38A2FB-24B3-4624-B148-B8387AB1CF93}.Debug|Any CPU.ActiveCfg = Debug|Any CPU
		{BC38A2FB-24B3-4624-B148-B8387AB1CF93}.Debug|Any CPU.Build.0 = Debug|Any CPU
		{BC38A2FB-24B3-4624-B148-B8387AB1CF93}.Release|Any CPU.ActiveCfg = Release|Any CPU
		{BC38A2FB-24B3-4624-B148-B8387AB1CF93}.Release|Any CPU.Build.0 = Release|Any CPU
		{6CFC6D0B-CBCF-452E-952C-7BC7A196C816}.Debug|Any CPU.ActiveCfg = Debug|Any CPU
		{6CFC6D0B-CBCF-452E-952C-7BC7A196C816}.Debug|Any CPU.Build.0 = Debug|Any CPU
		{6CFC6D0B-CBCF-452E-952C-7BC7A196C816}.Release|Any CPU.ActiveCfg = Release|Any CPU
		{6CFC6D0B-CBCF-452E-952C-7BC7A196C816}.Release|Any CPU.Build.0 = Release|Any CPU
		{CE68D7B4-F005-4E82-85A3-B84F7CF90C9F}.Debug|Any CPU.ActiveCfg = Debug|Any CPU
		{CE68D7B4-F005-4E82-85A3-B84F7CF90C9F}.Debug|Any CPU.Build.0 = Debug|Any CPU
		{CE68D7B4-F005-4E82-85A3-B84F7CF90C9F}.Release|Any CPU.ActiveCfg = Release|Any CPU
		{CE68D7B4-F005-4E82-85A3-B84F7CF90C9F}.Release|Any CPU.Build.0 = Release|Any CPU
		{0F8FB3E1-FA00-4B69-840A-98E4902CEDE1}.Debug|Any CPU.ActiveCfg = Debug|Any CPU
		{0F8FB3E1-FA00-4B69-840A-98E4902CEDE1}.Debug|Any CPU.Build.0 = Debug|Any CPU
		{0F8FB3E1-FA00-4B69-840A-98E4902CEDE1}.Release|Any CPU.ActiveCfg = Release|Any CPU
		{0F8FB3E1-FA00-4B69-840A-98E4902CEDE1}.Release|Any CPU.Build.0 = Release|Any CPU
		{8A752815-2508-42F1-A4C8-8D56A5890306}.Debug|Any CPU.ActiveCfg = Debug|Any CPU
		{8A752815-2508-42F1-A4C8-8D56A5890306}.Debug|Any CPU.Build.0 = Debug|Any CPU
		{8A752815-2508-42F1-A4C8-8D56A5890306}.Release|Any CPU.ActiveCfg = Release|Any CPU
		{8A752815-2508-42F1-A4C8-8D56A5890306}.Release|Any CPU.Build.0 = Release|Any CPU
		{A1C80803-98BF-49EF-A302-94C96CE40ACD}.Debug|Any CPU.ActiveCfg = Debug|Any CPU
		{A1C80803-98BF-49EF-A302-94C96CE40ACD}.Debug|Any CPU.Build.0 = Debug|Any CPU
		{A1C80803-98BF-49EF-A302-94C96CE40ACD}.Release|Any CPU.ActiveCfg = Release|Any CPU
		{A1C80803-98BF-49EF-A302-94C96CE40ACD}.Release|Any CPU.Build.0 = Release|Any CPU
		{72745B71-81AA-44E5-A295-99621B96E83B}.Debug|Any CPU.ActiveCfg = Debug|Any CPU
		{72745B71-81AA-44E5-A295-99621B96E83B}.Debug|Any CPU.Build.0 = Debug|Any CPU
		{72745B71-81AA-44E5-A295-99621B96E83B}.Release|Any CPU.ActiveCfg = Release|Any CPU
		{72745B71-81AA-44E5-A295-99621B96E83B}.Release|Any CPU.Build.0 = Release|Any CPU
		{A4C4F025-750B-41A1-92AB-5F7914EB647F}.Debug|Any CPU.ActiveCfg = Debug|Any CPU
		{A4C4F025-750B-41A1-92AB-5F7914EB647F}.Debug|Any CPU.Build.0 = Debug|Any CPU
		{A4C4F025-750B-41A1-92AB-5F7914EB647F}.Release|Any CPU.ActiveCfg = Release|Any CPU
		{A4C4F025-750B-41A1-92AB-5F7914EB647F}.Release|Any CPU.Build.0 = Release|Any CPU
		{E96637A6-C5CC-4F2D-ACEA-67C6B8ECCDED}.Debug|Any CPU.ActiveCfg = Debug|Any CPU
		{E96637A6-C5CC-4F2D-ACEA-67C6B8ECCDED}.Debug|Any CPU.Build.0 = Debug|Any CPU
		{E96637A6-C5CC-4F2D-ACEA-67C6B8ECCDED}.Release|Any CPU.ActiveCfg = Release|Any CPU
		{E96637A6-C5CC-4F2D-ACEA-67C6B8ECCDED}.Release|Any CPU.Build.0 = Release|Any CPU
		{1760ABB5-BBA7-4111-98AA-89163D08835E}.Debug|Any CPU.ActiveCfg = Debug|Any CPU
		{1760ABB5-BBA7-4111-98AA-89163D08835E}.Debug|Any CPU.Build.0 = Debug|Any CPU
		{1760ABB5-BBA7-4111-98AA-89163D08835E}.Release|Any CPU.ActiveCfg = Release|Any CPU
		{1760ABB5-BBA7-4111-98AA-89163D08835E}.Release|Any CPU.Build.0 = Release|Any CPU
		{51471326-322D-4B43-8580-BFB1CC753097}.Debug|Any CPU.ActiveCfg = Debug|Any CPU
		{51471326-322D-4B43-8580-BFB1CC753097}.Debug|Any CPU.Build.0 = Debug|Any CPU
		{51471326-322D-4B43-8580-BFB1CC753097}.Release|Any CPU.ActiveCfg = Release|Any CPU
		{51471326-322D-4B43-8580-BFB1CC753097}.Release|Any CPU.Build.0 = Release|Any CPU
		{79542C43-C317-45D7-BE8B-550FA2EEAA2B}.Debug|Any CPU.ActiveCfg = Debug|Any CPU
		{79542C43-C317-45D7-BE8B-550FA2EEAA2B}.Debug|Any CPU.Build.0 = Debug|Any CPU
		{79542C43-C317-45D7-BE8B-550FA2EEAA2B}.Release|Any CPU.ActiveCfg = Release|Any CPU
		{79542C43-C317-45D7-BE8B-550FA2EEAA2B}.Release|Any CPU.Build.0 = Release|Any CPU
		{8D79C0A6-5CD1-48E8-B164-22E72E1D11FE}.Debug|Any CPU.ActiveCfg = Debug|Any CPU
		{8D79C0A6-5CD1-48E8-B164-22E72E1D11FE}.Debug|Any CPU.Build.0 = Debug|Any CPU
		{8D79C0A6-5CD1-48E8-B164-22E72E1D11FE}.Release|Any CPU.ActiveCfg = Release|Any CPU
		{8D79C0A6-5CD1-48E8-B164-22E72E1D11FE}.Release|Any CPU.Build.0 = Release|Any CPU
		{BB6A5C35-B004-46A5-B893-0D3076D017B4}.Debug|Any CPU.ActiveCfg = Debug|Any CPU
		{BB6A5C35-B004-46A5-B893-0D3076D017B4}.Debug|Any CPU.Build.0 = Debug|Any CPU
		{BB6A5C35-B004-46A5-B893-0D3076D017B4}.Release|Any CPU.ActiveCfg = Release|Any CPU
		{BB6A5C35-B004-46A5-B893-0D3076D017B4}.Release|Any CPU.Build.0 = Release|Any CPU
		{09FC6104-94E6-44B8-9394-1EAF4049D440}.Debug|Any CPU.ActiveCfg = Debug|Any CPU
		{09FC6104-94E6-44B8-9394-1EAF4049D440}.Debug|Any CPU.Build.0 = Debug|Any CPU
		{09FC6104-94E6-44B8-9394-1EAF4049D440}.Release|Any CPU.ActiveCfg = Release|Any CPU
		{09FC6104-94E6-44B8-9394-1EAF4049D440}.Release|Any CPU.Build.0 = Release|Any CPU
		{FE64B1F0-A011-4A89-93BB-B79466458601}.Debug|Any CPU.ActiveCfg = Debug|Any CPU
		{FE64B1F0-A011-4A89-93BB-B79466458601}.Debug|Any CPU.Build.0 = Debug|Any CPU
		{FE64B1F0-A011-4A89-93BB-B79466458601}.Release|Any CPU.ActiveCfg = Release|Any CPU
		{FE64B1F0-A011-4A89-93BB-B79466458601}.Release|Any CPU.Build.0 = Release|Any CPU
		{C617FE78-2CB0-462F-A940-D944363D8FB9}.Debug|Any CPU.ActiveCfg = Debug|Any CPU
		{C617FE78-2CB0-462F-A940-D944363D8FB9}.Debug|Any CPU.Build.0 = Debug|Any CPU
		{C617FE78-2CB0-462F-A940-D944363D8FB9}.Release|Any CPU.ActiveCfg = Release|Any CPU
		{C617FE78-2CB0-462F-A940-D944363D8FB9}.Release|Any CPU.Build.0 = Release|Any CPU
		{C5DD76BD-AADC-4831-9280-5E13AE5994A2}.Debug|Any CPU.ActiveCfg = Debug|Any CPU
		{C5DD76BD-AADC-4831-9280-5E13AE5994A2}.Debug|Any CPU.Build.0 = Debug|Any CPU
		{C5DD76BD-AADC-4831-9280-5E13AE5994A2}.Release|Any CPU.ActiveCfg = Release|Any CPU
		{C5DD76BD-AADC-4831-9280-5E13AE5994A2}.Release|Any CPU.Build.0 = Release|Any CPU
		{9D52535F-932A-468A-966B-522E0C4ADA17}.Debug|Any CPU.ActiveCfg = Debug|Any CPU
		{9D52535F-932A-468A-966B-522E0C4ADA17}.Debug|Any CPU.Build.0 = Debug|Any CPU
		{9D52535F-932A-468A-966B-522E0C4ADA17}.Release|Any CPU.ActiveCfg = Release|Any CPU
		{9D52535F-932A-468A-966B-522E0C4ADA17}.Release|Any CPU.Build.0 = Release|Any CPU
		{C7CAD1D4-2053-41FD-A81F-221B32B6C6AF}.Debug|Any CPU.ActiveCfg = Debug|Any CPU
		{C7CAD1D4-2053-41FD-A81F-221B32B6C6AF}.Debug|Any CPU.Build.0 = Debug|Any CPU
		{C7CAD1D4-2053-41FD-A81F-221B32B6C6AF}.Release|Any CPU.ActiveCfg = Release|Any CPU
		{C7CAD1D4-2053-41FD-A81F-221B32B6C6AF}.Release|Any CPU.Build.0 = Release|Any CPU
	EndGlobalSection
	GlobalSection(SolutionProperties) = preSolution
		HideSolutionNode = FALSE
	EndGlobalSection
	GlobalSection(NestedProjects) = preSolution
		{F49ECC7F-9B1F-4D94-8085-0B4481E4DB5B} = {4A8F7614-E23E-42BD-8718-A91B0B4B3A37}
		{991B40DC-DAEC-4077-83C6-654E36DB6557} = {A27947C1-79F0-4AD4-B9A8-3500DE221A98}
		{9F100097-450A-4A93-87AD-15A7C4748348} = {A27947C1-79F0-4AD4-B9A8-3500DE221A98}
		{85E74B15-358D-42FD-994C-6BFD945DE044} = {4A8F7614-E23E-42BD-8718-A91B0B4B3A37}
		{5991EA31-63DE-4523-87E1-C462A8EB73A7} = {4A8F7614-E23E-42BD-8718-A91B0B4B3A37}
		{55A1397B-9B47-4C3C-B941-442BE51B766D} = {4A8F7614-E23E-42BD-8718-A91B0B4B3A37}
		{02867888-9CA3-45FE-B14C-B112DE4138E0} = {4A8F7614-E23E-42BD-8718-A91B0B4B3A37}
		{7941F600-88C5-451B-B591-7775B538B747} = {4A8F7614-E23E-42BD-8718-A91B0B4B3A37}
		{F70FC505-45E2-4E9A-A4BA-5499B0753A4F} = {4A8F7614-E23E-42BD-8718-A91B0B4B3A37}
		{9595A78C-5FB3-452F-8DBC-B28DD2E9C646} = {4A8F7614-E23E-42BD-8718-A91B0B4B3A37}
		{DDDD27E4-7632-434E-932D-BF4428A52D5F} = {4A8F7614-E23E-42BD-8718-A91B0B4B3A37}
		{8A282B55-C606-40CF-9DDB-68148690FEEC} = {A27947C1-79F0-4AD4-B9A8-3500DE221A98}
		{DB80660F-68E9-428E-880E-20AF7E2CA0B8} = {4A8F7614-E23E-42BD-8718-A91B0B4B3A37}
		{9CBDCCEE-2558-4EC6-8E3B-91EE9F856B50} = {4A8F7614-E23E-42BD-8718-A91B0B4B3A37}
		{19F9401D-76B1-4AA9-BA16-030408D686B4} = {4A8F7614-E23E-42BD-8718-A91B0B4B3A37}
		{BB39847B-BAF4-49A2-8CEC-0328469F4337} = {4A8F7614-E23E-42BD-8718-A91B0B4B3A37}
		{3C962092-F4FD-4FA5-9467-CCE62CF7B977} = {4A8F7614-E23E-42BD-8718-A91B0B4B3A37}
		{17C2964A-5715-4C9E-B6C2-8964A0E0240A} = {4A8F7614-E23E-42BD-8718-A91B0B4B3A37}
		{E96F9C06-2076-4BE9-8BAD-FD8B39601BED} = {4A8F7614-E23E-42BD-8718-A91B0B4B3A37}
		{D234815A-EC6E-45D1-B9A8-2086EB4575E4} = {4A8F7614-E23E-42BD-8718-A91B0B4B3A37}
		{9D697A0E-971A-4772-96ED-F447222EF8E8} = {4A8F7614-E23E-42BD-8718-A91B0B4B3A37}
		{6CED73ED-EBF7-48C9-84D5-3C741AB56C43} = {4A8F7614-E23E-42BD-8718-A91B0B4B3A37}
		{768DE123-B4C5-44FA-AE56-7B3D70D9F7BA} = {4A8F7614-E23E-42BD-8718-A91B0B4B3A37}
		{3E8D7520-D176-4DBD-B177-4681499B9A2B} = {4A8F7614-E23E-42BD-8718-A91B0B4B3A37}
		{2471CD4B-52CF-403B-BE5F-8136FA594177} = {4A8F7614-E23E-42BD-8718-A91B0B4B3A37}
		{FBEB2AF9-504F-4112-9D7A-EA9A859AF76B} = {4A8F7614-E23E-42BD-8718-A91B0B4B3A37}
		{BC38A2FB-24B3-4624-B148-B8387AB1CF93} = {4A8F7614-E23E-42BD-8718-A91B0B4B3A37}
		{6CFC6D0B-CBCF-452E-952C-7BC7A196C816} = {4A8F7614-E23E-42BD-8718-A91B0B4B3A37}
		{CE68D7B4-F005-4E82-85A3-B84F7CF90C9F} = {4A8F7614-E23E-42BD-8718-A91B0B4B3A37}
		{0F8FB3E1-FA00-4B69-840A-98E4902CEDE1} = {4A8F7614-E23E-42BD-8718-A91B0B4B3A37}
		{8A752815-2508-42F1-A4C8-8D56A5890306} = {4A8F7614-E23E-42BD-8718-A91B0B4B3A37}
		{A1C80803-98BF-49EF-A302-94C96CE40ACD} = {4A8F7614-E23E-42BD-8718-A91B0B4B3A37}
		{72745B71-81AA-44E5-A295-99621B96E83B} = {4A8F7614-E23E-42BD-8718-A91B0B4B3A37}
		{A4C4F025-750B-41A1-92AB-5F7914EB647F} = {4A8F7614-E23E-42BD-8718-A91B0B4B3A37}
		{E96637A6-C5CC-4F2D-ACEA-67C6B8ECCDED} = {4A8F7614-E23E-42BD-8718-A91B0B4B3A37}
		{1760ABB5-BBA7-4111-98AA-89163D08835E} = {4A8F7614-E23E-42BD-8718-A91B0B4B3A37}
		{51471326-322D-4B43-8580-BFB1CC753097} = {4A8F7614-E23E-42BD-8718-A91B0B4B3A37}
		{79542C43-C317-45D7-BE8B-550FA2EEAA2B} = {4A8F7614-E23E-42BD-8718-A91B0B4B3A37}
		{8D79C0A6-5CD1-48E8-B164-22E72E1D11FE} = {4A8F7614-E23E-42BD-8718-A91B0B4B3A37}
		{BB6A5C35-B004-46A5-B893-0D3076D017B4} = {4A8F7614-E23E-42BD-8718-A91B0B4B3A37}
		{09FC6104-94E6-44B8-9394-1EAF4049D440} = {4A8F7614-E23E-42BD-8718-A91B0B4B3A37}
		{FE64B1F0-A011-4A89-93BB-B79466458601} = {4A8F7614-E23E-42BD-8718-A91B0B4B3A37}
		{C617FE78-2CB0-462F-A940-D944363D8FB9} = {4A8F7614-E23E-42BD-8718-A91B0B4B3A37}
		{C5DD76BD-AADC-4831-9280-5E13AE5994A2} = {4A8F7614-E23E-42BD-8718-A91B0B4B3A37}
		{9D52535F-932A-468A-966B-522E0C4ADA17} = {A27947C1-79F0-4AD4-B9A8-3500DE221A98}
		{C7CAD1D4-2053-41FD-A81F-221B32B6C6AF} = {4A8F7614-E23E-42BD-8718-A91B0B4B3A37}
	EndGlobalSection
	GlobalSection(ExtensibilityGlobals) = postSolution
		SolutionGuid = {E7A29CAB-0675-4733-8CD4-36ED825F1065}
	EndGlobalSection
EndGlobal
